// !$*UTF8*$!
{
	archiveVersion = 1;
	classes = {
	};
	objectVersion = 46;
	objects = {

/* Begin PBXBuildFile section */
		AFBAFC621BD8110F00375AE9 /* MySharedFramework.h in Headers */ = {isa = PBXBuildFile; fileRef = AFBAFC611BD8110F00375AE9 /* MySharedFramework.h */; settings = {ATTRIBUTES = (Public, ); }; };
		AFBAFC691BD8110F00375AE9 /* MySharedFramework.framework in Frameworks */ = {isa = PBXBuildFile; fileRef = AFBAFC5E1BD8110F00375AE9 /* MySharedFramework.framework */; };
		AFBAFC6E1BD8110F00375AE9 /* MySharedFrameworkTests.swift in Sources */ = {isa = PBXBuildFile; fileRef = AFBAFC6D1BD8110F00375AE9 /* MySharedFrameworkTests.swift */; };
		AFBAFC821BD8112600375AE9 /* MyHello.swift in Sources */ = {isa = PBXBuildFile; fileRef = AFBAFC811BD8112600375AE9 /* MyHello.swift */; };
		AFBAFC861BD811EC00375AE9 /* OldFashionObjCHello.h in Headers */ = {isa = PBXBuildFile; fileRef = AFBAFC841BD811EC00375AE9 /* OldFashionObjCHello.h */; settings = {ATTRIBUTES = (Public, ); }; };
		AFBAFC871BD811EC00375AE9 /* OldFashionObjCHello.m in Sources */ = {isa = PBXBuildFile; fileRef = AFBAFC851BD811EC00375AE9 /* OldFashionObjCHello.m */; };
/* End PBXBuildFile section */

/* Begin PBXContainerItemProxy section */
		AFBAFC6A1BD8110F00375AE9 /* PBXContainerItemProxy */ = {
			isa = PBXContainerItemProxy;
			containerPortal = AFBAFC551BD8110F00375AE9 /* Project object */;
			proxyType = 1;
			remoteGlobalIDString = AFBAFC5D1BD8110F00375AE9;
			remoteInfo = MySharedFramework;
		};
/* End PBXContainerItemProxy section */

/* Begin PBXFileReference section */
		AFBAFC5E1BD8110F00375AE9 /* MySharedFramework.framework */ = {isa = PBXFileReference; explicitFileType = wrapper.framework; includeInIndex = 0; path = MySharedFramework.framework; sourceTree = BUILT_PRODUCTS_DIR; };
		AFBAFC611BD8110F00375AE9 /* MySharedFramework.h */ = {isa = PBXFileReference; lastKnownFileType = sourcecode.c.h; path = MySharedFramework.h; sourceTree = "<group>"; };
		AFBAFC631BD8110F00375AE9 /* Info.plist */ = {isa = PBXFileReference; lastKnownFileType = text.plist.xml; path = Info.plist; sourceTree = "<group>"; };
		AFBAFC681BD8110F00375AE9 /* MySharedFrameworkTests.xctest */ = {isa = PBXFileReference; explicitFileType = wrapper.cfbundle; includeInIndex = 0; path = MySharedFrameworkTests.xctest; sourceTree = BUILT_PRODUCTS_DIR; };
		AFBAFC6D1BD8110F00375AE9 /* MySharedFrameworkTests.swift */ = {isa = PBXFileReference; lastKnownFileType = sourcecode.swift; path = MySharedFrameworkTests.swift; sourceTree = "<group>"; };
		AFBAFC6F1BD8110F00375AE9 /* Info.plist */ = {isa = PBXFileReference; lastKnownFileType = text.plist.xml; path = Info.plist; sourceTree = "<group>"; };
		AFBAFC811BD8112600375AE9 /* MyHello.swift */ = {isa = PBXFileReference; fileEncoding = 4; lastKnownFileType = sourcecode.swift; path = MyHello.swift; sourceTree = "<group>"; };
		AFBAFC841BD811EC00375AE9 /* OldFashionObjCHello.h */ = {isa = PBXFileReference; fileEncoding = 4; lastKnownFileType = sourcecode.c.h; path = OldFashionObjCHello.h; sourceTree = "<group>"; };
		AFBAFC851BD811EC00375AE9 /* OldFashionObjCHello.m */ = {isa = PBXFileReference; fileEncoding = 4; lastKnownFileType = sourcecode.c.objc; path = OldFashionObjCHello.m; sourceTree = "<group>"; };
/* End PBXFileReference section */

/* Begin PBXFrameworksBuildPhase section */
		AFBAFC5A1BD8110F00375AE9 /* Frameworks */ = {
			isa = PBXFrameworksBuildPhase;
			buildActionMask = 2147483647;
			files = (
			);
			runOnlyForDeploymentPostprocessing = 0;
		};
		AFBAFC651BD8110F00375AE9 /* Frameworks */ = {
			isa = PBXFrameworksBuildPhase;
			buildActionMask = 2147483647;
			files = (
				AFBAFC691BD8110F00375AE9 /* MySharedFramework.framework in Frameworks */,
			);
			runOnlyForDeploymentPostprocessing = 0;
		};
/* End PBXFrameworksBuildPhase section */

/* Begin PBXGroup section */
		AFBAFC541BD8110F00375AE9 = {
			isa = PBXGroup;
			children = (
				AFBAFC601BD8110F00375AE9 /* MySharedFramework */,
				AFBAFC6C1BD8110F00375AE9 /* MySharedFrameworkTests */,
				AFBAFC5F1BD8110F00375AE9 /* Products */,
			);
			sourceTree = "<group>";
		};
		AFBAFC5F1BD8110F00375AE9 /* Products */ = {
			isa = PBXGroup;
			children = (
				AFBAFC5E1BD8110F00375AE9 /* MySharedFramework.framework */,
				AFBAFC681BD8110F00375AE9 /* MySharedFrameworkTests.xctest */,
			);
			name = Products;
			sourceTree = "<group>";
		};
		AFBAFC601BD8110F00375AE9 /* MySharedFramework */ = {
			isa = PBXGroup;
			children = (
				AFBAFC611BD8110F00375AE9 /* MySharedFramework.h */,
				AFBAFC631BD8110F00375AE9 /* Info.plist */,
				AFBAFC811BD8112600375AE9 /* MyHello.swift */,
				AFBAFC841BD811EC00375AE9 /* OldFashionObjCHello.h */,
				AFBAFC851BD811EC00375AE9 /* OldFashionObjCHello.m */,
			);
			path = MySharedFramework;
			sourceTree = "<group>";
		};
		AFBAFC6C1BD8110F00375AE9 /* MySharedFrameworkTests */ = {
			isa = PBXGroup;
			children = (
				AFBAFC6D1BD8110F00375AE9 /* MySharedFrameworkTests.swift */,
				AFBAFC6F1BD8110F00375AE9 /* Info.plist */,
			);
			path = MySharedFrameworkTests;
			sourceTree = "<group>";
		};
/* End PBXGroup section */

/* Begin PBXHeadersBuildPhase section */
		AFBAFC5B1BD8110F00375AE9 /* Headers */ = {
			isa = PBXHeadersBuildPhase;
			buildActionMask = 2147483647;
			files = (
				AFBAFC861BD811EC00375AE9 /* OldFashionObjCHello.h in Headers */,
				AFBAFC621BD8110F00375AE9 /* MySharedFramework.h in Headers */,
			);
			runOnlyForDeploymentPostprocessing = 0;
		};
/* End PBXHeadersBuildPhase section */

/* Begin PBXNativeTarget section */
		AFBAFC5D1BD8110F00375AE9 /* MySharedFramework */ = {
			isa = PBXNativeTarget;
			buildConfigurationList = AFBAFC721BD8110F00375AE9 /* Build configuration list for PBXNativeTarget "MySharedFramework" */;
			buildPhases = (
				AFBAFC591BD8110F00375AE9 /* Sources */,
				AFBAFC5A1BD8110F00375AE9 /* Frameworks */,
				AFBAFC5B1BD8110F00375AE9 /* Headers */,
				AFBAFC5C1BD8110F00375AE9 /* Resources */,
			);
			buildRules = (
			);
			dependencies = (
			);
			name = MySharedFramework;
			productName = MySharedFramework;
			productReference = AFBAFC5E1BD8110F00375AE9 /* MySharedFramework.framework */;
			productType = "com.apple.product-type.framework";
		};
		AFBAFC671BD8110F00375AE9 /* MySharedFrameworkTests */ = {
			isa = PBXNativeTarget;
			buildConfigurationList = AFBAFC751BD8110F00375AE9 /* Build configuration list for PBXNativeTarget "MySharedFrameworkTests" */;
			buildPhases = (
				AFBAFC641BD8110F00375AE9 /* Sources */,
				AFBAFC651BD8110F00375AE9 /* Frameworks */,
				AFBAFC661BD8110F00375AE9 /* Resources */,
			);
			buildRules = (
			);
			dependencies = (
				AFBAFC6B1BD8110F00375AE9 /* PBXTargetDependency */,
			);
			name = MySharedFrameworkTests;
			productName = MySharedFrameworkTests;
			productReference = AFBAFC681BD8110F00375AE9 /* MySharedFrameworkTests.xctest */;
			productType = "com.apple.product-type.bundle.unit-test";
		};
/* End PBXNativeTarget section */

/* Begin PBXProject section */
		AFBAFC551BD8110F00375AE9 /* Project object */ = {
			isa = PBXProject;
			attributes = {
				LastSwiftUpdateCheck = 0710;
				LastUpgradeCheck = 0710;
				ORGANIZATIONNAME = CarrotCreative;
				TargetAttributes = {
					AFBAFC5D1BD8110F00375AE9 = {
						CreatedOnToolsVersion = 7.1;
					};
					AFBAFC671BD8110F00375AE9 = {
						CreatedOnToolsVersion = 7.1;
					};
				};
			};
			buildConfigurationList = AFBAFC581BD8110F00375AE9 /* Build configuration list for PBXProject "MySharedFramework" */;
			compatibilityVersion = "Xcode 3.2";
			developmentRegion = English;
			hasScannedForEncodings = 0;
			knownRegions = (
				en,
			);
			mainGroup = AFBAFC541BD8110F00375AE9;
			productRefGroup = AFBAFC5F1BD8110F00375AE9 /* Products */;
			projectDirPath = "";
			projectRoot = "";
			targets = (
				AFBAFC5D1BD8110F00375AE9 /* MySharedFramework */,
				AFBAFC671BD8110F00375AE9 /* MySharedFrameworkTests */,
			);
		};
/* End PBXProject section */

/* Begin PBXResourcesBuildPhase section */
		AFBAFC5C1BD8110F00375AE9 /* Resources */ = {
			isa = PBXResourcesBuildPhase;
			buildActionMask = 2147483647;
			files = (
			);
			runOnlyForDeploymentPostprocessing = 0;
		};
		AFBAFC661BD8110F00375AE9 /* Resources */ = {
			isa = PBXResourcesBuildPhase;
			buildActionMask = 2147483647;
			files = (
			);
			runOnlyForDeploymentPostprocessing = 0;
		};
/* End PBXResourcesBuildPhase section */

/* Begin PBXSourcesBuildPhase section */
		AFBAFC591BD8110F00375AE9 /* Sources */ = {
			isa = PBXSourcesBuildPhase;
			buildActionMask = 2147483647;
			files = (
				AFBAFC821BD8112600375AE9 /* MyHello.swift in Sources */,
				AFBAFC871BD811EC00375AE9 /* OldFashionObjCHello.m in Sources */,
			);
			runOnlyForDeploymentPostprocessing = 0;
		};
		AFBAFC641BD8110F00375AE9 /* Sources */ = {
			isa = PBXSourcesBuildPhase;
			buildActionMask = 2147483647;
			files = (
				AFBAFC6E1BD8110F00375AE9 /* MySharedFrameworkTests.swift in Sources */,
			);
			runOnlyForDeploymentPostprocessing = 0;
		};
/* End PBXSourcesBuildPhase section */

/* Begin PBXTargetDependency section */
		AFBAFC6B1BD8110F00375AE9 /* PBXTargetDependency */ = {
			isa = PBXTargetDependency;
			target = AFBAFC5D1BD8110F00375AE9 /* MySharedFramework */;
			targetProxy = AFBAFC6A1BD8110F00375AE9 /* PBXContainerItemProxy */;
		};
/* End PBXTargetDependency section */

/* Begin XCBuildConfiguration section */
		AFBAFC701BD8110F00375AE9 /* Debug */ = {
			isa = XCBuildConfiguration;
			buildSettings = {
				ALWAYS_SEARCH_USER_PATHS = NO;
				CLANG_CXX_LANGUAGE_STANDARD = "gnu++0x";
				CLANG_CXX_LIBRARY = "libc++";
				CLANG_ENABLE_MODULES = YES;
				CLANG_ENABLE_OBJC_ARC = YES;
				CLANG_WARN_BOOL_CONVERSION = YES;
				CLANG_WARN_CONSTANT_CONVERSION = YES;
				CLANG_WARN_DIRECT_OBJC_ISA_USAGE = YES_ERROR;
				CLANG_WARN_EMPTY_BODY = YES;
				CLANG_WARN_ENUM_CONVERSION = YES;
				CLANG_WARN_INT_CONVERSION = YES;
				CLANG_WARN_OBJC_ROOT_CLASS = YES_ERROR;
				CLANG_WARN_UNREACHABLE_CODE = YES;
				CLANG_WARN__DUPLICATE_METHOD_MATCH = YES;
				"CODE_SIGN_IDENTITY[sdk=iphoneos*]" = "iPhone Developer";
				COPY_PHASE_STRIP = NO;
				CURRENT_PROJECT_VERSION = 1;
				DEBUG_INFORMATION_FORMAT = dwarf;
				ENABLE_STRICT_OBJC_MSGSEND = YES;
				ENABLE_TESTABILITY = YES;
				GCC_C_LANGUAGE_STANDARD = gnu99;
				GCC_DYNAMIC_NO_PIC = NO;
				GCC_NO_COMMON_BLOCKS = YES;
				GCC_OPTIMIZATION_LEVEL = 0;
				GCC_PREPROCESSOR_DEFINITIONS = (
					"DEBUG=1",
					"$(inherited)",
				);
				GCC_WARN_64_TO_32_BIT_CONVERSION = YES;
				GCC_WARN_ABOUT_RETURN_TYPE = YES_ERROR;
				GCC_WARN_UNDECLARED_SELECTOR = YES;
				GCC_WARN_UNINITIALIZED_AUTOS = YES_AGGRESSIVE;
				GCC_WARN_UNUSED_FUNCTION = YES;
				GCC_WARN_UNUSED_VARIABLE = YES;
				IPHONEOS_DEPLOYMENT_TARGET = 9.1;
				MTL_ENABLE_DEBUG_INFO = YES;
				ONLY_ACTIVE_ARCH = YES;
				SDKROOT = iphoneos;
				SWIFT_OPTIMIZATION_LEVEL = "-Onone";
				TARGETED_DEVICE_FAMILY = "1,2";
				VERSIONING_SYSTEM = "apple-generic";
				VERSION_INFO_PREFIX = "";
			};
			name = Debug;
		};
		AFBAFC711BD8110F00375AE9 /* Release */ = {
			isa = XCBuildConfiguration;
			buildSettings = {
				ALWAYS_SEARCH_USER_PATHS = NO;
				CLANG_CXX_LANGUAGE_STANDARD = "gnu++0x";
				CLANG_CXX_LIBRARY = "libc++";
				CLANG_ENABLE_MODULES = YES;
				CLANG_ENABLE_OBJC_ARC = YES;
				CLANG_WARN_BOOL_CONVERSION = YES;
				CLANG_WARN_CONSTANT_CONVERSION = YES;
				CLANG_WARN_DIRECT_OBJC_ISA_USAGE = YES_ERROR;
				CLANG_WARN_EMPTY_BODY = YES;
				CLANG_WARN_ENUM_CONVERSION = YES;
				CLANG_WARN_INT_CONVERSION = YES;
				CLANG_WARN_OBJC_ROOT_CLASS = YES_ERROR;
				CLANG_WARN_UNREACHABLE_CODE = YES;
				CLANG_WARN__DUPLICATE_METHOD_MATCH = YES;
				"CODE_SIGN_IDENTITY[sdk=iphoneos*]" = "iPhone Developer";
				COPY_PHASE_STRIP = NO;
				CURRENT_PROJECT_VERSION = 1;
				DEBUG_INFORMATION_FORMAT = "dwarf-with-dsym";
				ENABLE_NS_ASSERTIONS = NO;
				ENABLE_STRICT_OBJC_MSGSEND = YES;
				GCC_C_LANGUAGE_STANDARD = gnu99;
				GCC_NO_COMMON_BLOCKS = YES;
				GCC_WARN_64_TO_32_BIT_CONVERSION = YES;
				GCC_WARN_ABOUT_RETURN_TYPE = YES_ERROR;
				GCC_WARN_UNDECLARED_SELECTOR = YES;
				GCC_WARN_UNINITIALIZED_AUTOS = YES_AGGRESSIVE;
				GCC_WARN_UNUSED_FUNCTION = YES;
				GCC_WARN_UNUSED_VARIABLE = YES;
				IPHONEOS_DEPLOYMENT_TARGET = 9.1;
				MTL_ENABLE_DEBUG_INFO = NO;
				SDKROOT = iphoneos;
				TARGETED_DEVICE_FAMILY = "1,2";
				VALIDATE_PRODUCT = YES;
				VERSIONING_SYSTEM = "apple-generic";
				VERSION_INFO_PREFIX = "";
			};
			name = Release;
		};
		AFBAFC731BD8110F00375AE9 /* Debug */ = {
			isa = XCBuildConfiguration;
			buildSettings = {
				CLANG_ENABLE_MODULES = YES;
				DEFINES_MODULE = YES;
				DYLIB_COMPATIBILITY_VERSION = 1;
				DYLIB_CURRENT_VERSION = 1;
				DYLIB_INSTALL_NAME_BASE = "@rpath";
				INFOPLIST_FILE = MySharedFramework/Info.plist;
				INSTALL_PATH = "$(LOCAL_LIBRARY_DIR)/Frameworks";
				LD_RUNPATH_SEARCH_PATHS = "$(inherited) @executable_path/Frameworks @loader_path/Frameworks";
				PRODUCT_BUNDLE_IDENTIFIER = com.carrotcreative.MySharedFramework;
				PRODUCT_NAME = "$(TARGET_NAME)";
				SKIP_INSTALL = YES;
				SWIFT_OPTIMIZATION_LEVEL = "-Onone";
			};
			name = Debug;
		};
		AFBAFC741BD8110F00375AE9 /* Release */ = {
			isa = XCBuildConfiguration;
			buildSettings = {
				CLANG_ENABLE_MODULES = YES;
				DEFINES_MODULE = YES;
				DYLIB_COMPATIBILITY_VERSION = 1;
				DYLIB_CURRENT_VERSION = 1;
				DYLIB_INSTALL_NAME_BASE = "@rpath";
				INFOPLIST_FILE = MySharedFramework/Info.plist;
				INSTALL_PATH = "$(LOCAL_LIBRARY_DIR)/Frameworks";
				LD_RUNPATH_SEARCH_PATHS = "$(inherited) @executable_path/Frameworks @loader_path/Frameworks";
				PRODUCT_BUNDLE_IDENTIFIER = com.carrotcreative.MySharedFramework;
				PRODUCT_NAME = "$(TARGET_NAME)";
				SKIP_INSTALL = YES;
			};
			name = Release;
		};
		AFBAFC761BD8110F00375AE9 /* Debug */ = {
			isa = XCBuildConfiguration;
			buildSettings = {
				INFOPLIST_FILE = MySharedFrameworkTests/Info.plist;
				LD_RUNPATH_SEARCH_PATHS = "$(inherited) @executable_path/Frameworks @loader_path/Frameworks";
				PRODUCT_BUNDLE_IDENTIFIER = com.carrotcreative.MySharedFrameworkTests;
				PRODUCT_NAME = "$(TARGET_NAME)";
			};
			name = Debug;
		};
		AFBAFC771BD8110F00375AE9 /* Release */ = {
			isa = XCBuildConfiguration;
			buildSettings = {
				INFOPLIST_FILE = MySharedFrameworkTests/Info.plist;
				LD_RUNPATH_SEARCH_PATHS = "$(inherited) @executable_path/Frameworks @loader_path/Frameworks";
				PRODUCT_BUNDLE_IDENTIFIER = com.carrotcreative.MySharedFrameworkTests;
				PRODUCT_NAME = "$(TARGET_NAME)";
			};
			name = Release;
		};
/* End XCBuildConfiguration section */

/* Begin XCConfigurationList section */
		AFBAFC581BD8110F00375AE9 /* Build configuration list for PBXProject "MySharedFramework" */ = {
			isa = XCConfigurationList;
			buildConfigurations = (
				AFBAFC701BD8110F00375AE9 /* Debug */,
				AFBAFC711BD8110F00375AE9 /* Release */,
			);
			defaultConfigurationIsVisible = 0;
			defaultConfigurationName = Release;
		};
		AFBAFC721BD8110F00375AE9 /* Build configuration list for PBXNativeTarget "MySharedFramework" */ = {
			isa = XCConfigurationList;
			buildConfigurations = (
				AFBAFC731BD8110F00375AE9 /* Debug */,
				AFBAFC741BD8110F00375AE9 /* Release */,
			);
			defaultConfigurationIsVisible = 0;
		};
		AFBAFC751BD8110F00375AE9 /* Build configuration list for PBXNativeTarget "MySharedFrameworkTests" */ = {
			isa = XCConfigurationList;
			buildConfigurations = (
				AFBAFC761BD8110F00375AE9 /* Debug */,
				AFBAFC771BD8110F00375AE9 /* Release */,
			);
			defaultConfigurationIsVisible = 0;
		};
/* End XCConfigurationList section */
	};
	rootObject = AFBAFC551BD8110F00375AE9 /* Project object */;
}
